// !$*UTF8*$!
{
	archiveVersion = 1;
	classes = {
	};
	objectVersion = 51;
	objects = {

/* Begin PBXBuildFile section */
		D24C649624EF921B00C5A31B /* ConfirmedOrdersVC.swift in Sources */ = {isa = PBXBuildFile; fileRef = D24C649524EF921B00C5A31B /* ConfirmedOrdersVC.swift */; };
		D24C649924EF9B3E00C5A31B /* receiptHeader.swift in Sources */ = {isa = PBXBuildFile; fileRef = D24C649724EF9B3E00C5A31B /* receiptHeader.swift */; };
		D24C649A24EF9B3E00C5A31B /* receiptHeader.xib in Resources */ = {isa = PBXBuildFile; fileRef = D24C649824EF9B3E00C5A31B /* receiptHeader.xib */; };
		D24D4CED255C1D6500C6D219 /* ProfileVC.swift in Sources */ = {isa = PBXBuildFile; fileRef = D24D4CEC255C1D6500C6D219 /* ProfileVC.swift */; };
		D24DF46E24F6126C0047BA32 /* SalesVC.swift in Sources */ = {isa = PBXBuildFile; fileRef = D24DF46D24F6126C0047BA32 /* SalesVC.swift */; };
		D24DF47124F618530047BA32 /* monthlySalesCell.swift in Sources */ = {isa = PBXBuildFile; fileRef = D24DF46F24F618530047BA32 /* monthlySalesCell.swift */; };
		D24DF47224F618530047BA32 /* monthlySalesCell.xib in Resources */ = {isa = PBXBuildFile; fileRef = D24DF47024F618530047BA32 /* monthlySalesCell.xib */; };
		D24DF47424F628160047BA32 /* SalesServices.swift in Sources */ = {isa = PBXBuildFile; fileRef = D24DF47324F628160047BA32 /* SalesServices.swift */; };
		D25283B124DA8D0400325978 /* OrdersVC.swift in Sources */ = {isa = PBXBuildFile; fileRef = D25283B024DA8D0400325978 /* OrdersVC.swift */; };
		D25283B424DA9E6300325978 /* orderHeader.swift in Sources */ = {isa = PBXBuildFile; fileRef = D25283B224DA9E6300325978 /* orderHeader.swift */; };
		D25283B524DA9E6300325978 /* orderHeader.xib in Resources */ = {isa = PBXBuildFile; fileRef = D25283B324DA9E6300325978 /* orderHeader.xib */; };
		D25283B824DAA73900325978 /* orderCell.swift in Sources */ = {isa = PBXBuildFile; fileRef = D25283B624DAA73900325978 /* orderCell.swift */; };
		D25283B924DAA73900325978 /* orderCell.xib in Resources */ = {isa = PBXBuildFile; fileRef = D25283B724DAA73900325978 /* orderCell.xib */; };
		D252E55024DBBF90000C6A22 /* OrderServices.swift in Sources */ = {isa = PBXBuildFile; fileRef = D252E54F24DBBF90000C6A22 /* OrderServices.swift */; };
		D2535A712510B91200554D58 /* RestockVC.swift in Sources */ = {isa = PBXBuildFile; fileRef = D2535A702510B91200554D58 /* RestockVC.swift */; };
		D2535A742510B9B300554D58 /* stockCell.swift in Sources */ = {isa = PBXBuildFile; fileRef = D2535A722510B9B300554D58 /* stockCell.swift */; };
		D2535A752510B9B300554D58 /* stockCell.xib in Resources */ = {isa = PBXBuildFile; fileRef = D2535A732510B9B300554D58 /* stockCell.xib */; };
		D253A15A24CC0E4A00D75E26 /* AppDelegate.swift in Sources */ = {isa = PBXBuildFile; fileRef = D253A15924CC0E4A00D75E26 /* AppDelegate.swift */; };
		D253A15E24CC0E4A00D75E26 /* ViewController.swift in Sources */ = {isa = PBXBuildFile; fileRef = D253A15D24CC0E4A00D75E26 /* ViewController.swift */; };
		D253A16124CC0E4A00D75E26 /* Main.storyboard in Resources */ = {isa = PBXBuildFile; fileRef = D253A15F24CC0E4A00D75E26 /* Main.storyboard */; };
		D253A16324CC0E4D00D75E26 /* Assets.xcassets in Resources */ = {isa = PBXBuildFile; fileRef = D253A16224CC0E4D00D75E26 /* Assets.xcassets */; };
		D253A16624CC0E4D00D75E26 /* LaunchScreen.storyboard in Resources */ = {isa = PBXBuildFile; fileRef = D253A16424CC0E4D00D75E26 /* LaunchScreen.storyboard */; };
		D253A16E24CC10B800D75E26 /* GoogleService-Info.plist in Resources */ = {isa = PBXBuildFile; fileRef = D253A16D24CC10B800D75E26 /* GoogleService-Info.plist */; };
		D253A17724CC187900D75E26 /* User.swift in Sources */ = {isa = PBXBuildFile; fileRef = D253A17624CC187900D75E26 /* User.swift */; };
		D253A17C24CC189900D75E26 /* SignupProfileImageVC.swift in Sources */ = {isa = PBXBuildFile; fileRef = D253A17824CC189700D75E26 /* SignupProfileImageVC.swift */; };
		D253A17D24CC189900D75E26 /* SignUpVC.swift in Sources */ = {isa = PBXBuildFile; fileRef = D253A17924CC189800D75E26 /* SignUpVC.swift */; };
		D253A17E24CC189900D75E26 /* LoginVC.swift in Sources */ = {isa = PBXBuildFile; fileRef = D253A17A24CC189800D75E26 /* LoginVC.swift */; };
		D253A17F24CC189900D75E26 /* MainTabVC.swift in Sources */ = {isa = PBXBuildFile; fileRef = D253A17B24CC189900D75E26 /* MainTabVC.swift */; };
		D253A18124CC18BA00D75E26 /* AuthServices.swift in Sources */ = {isa = PBXBuildFile; fileRef = D253A18024CC18BA00D75E26 /* AuthServices.swift */; };
		D253A18524CC1A5600D75E26 /* ImageCache.swift in Sources */ = {isa = PBXBuildFile; fileRef = D253A18224CC1A5500D75E26 /* ImageCache.swift */; };
		D253A18624CC1A5600D75E26 /* RoundButton.swift in Sources */ = {isa = PBXBuildFile; fileRef = D253A18324CC1A5500D75E26 /* RoundButton.swift */; };
		D253A18724CC1A5600D75E26 /* RoundImage.swift in Sources */ = {isa = PBXBuildFile; fileRef = D253A18424CC1A5600D75E26 /* RoundImage.swift */; };
		D254C02924D12B2400E7C69E /* productCell.swift in Sources */ = {isa = PBXBuildFile; fileRef = D254C02724D12B2400E7C69E /* productCell.swift */; };
		D254C02A24D12B2400E7C69E /* productCell.xib in Resources */ = {isa = PBXBuildFile; fileRef = D254C02824D12B2400E7C69E /* productCell.xib */; };
		D25548C324F76980007793AE /* Sales.swift in Sources */ = {isa = PBXBuildFile; fileRef = D25548C224F76980007793AE /* Sales.swift */; };
		D25A3C4C24D057CB00E91AC5 /* addProductPopup.swift in Sources */ = {isa = PBXBuildFile; fileRef = D25A3C4A24D057CB00E91AC5 /* addProductPopup.swift */; };
		D25A3C4D24D057CB00E91AC5 /* addProductPopup.xib in Resources */ = {isa = PBXBuildFile; fileRef = D25A3C4B24D057CB00E91AC5 /* addProductPopup.xib */; };
		D25A3C4F24D05ED700E91AC5 /* Product.swift in Sources */ = {isa = PBXBuildFile; fileRef = D25A3C4E24D05ED700E91AC5 /* Product.swift */; };
		D25DE00A24ED004500E2BB56 /* rejectedCommentPopup.xib in Resources */ = {isa = PBXBuildFile; fileRef = D25DE00824ED004400E2BB56 /* rejectedCommentPopup.xib */; };
		D25DE00B24ED004500E2BB56 /* rejectedCommentPopup.swift in Sources */ = {isa = PBXBuildFile; fileRef = D25DE00924ED004400E2BB56 /* rejectedCommentPopup.swift */; };
		D2AC0AF024FF8DD100C649C6 /* PieChart.swift in Sources */ = {isa = PBXBuildFile; fileRef = D2AC0AEF24FF8DD100C649C6 /* PieChart.swift */; };
		D2BEFF7924CEBE5000B997EC /* Constant.swift in Sources */ = {isa = PBXBuildFile; fileRef = D2BEFF7824CEBE5000B997EC /* Constant.swift */; };
		D2BEFF7C24CEC8D900B997EC /* RegisterStoreVC.swift in Sources */ = {isa = PBXBuildFile; fileRef = D2BEFF7B24CEC8D900B997EC /* RegisterStoreVC.swift */; };
		D2BEFF7F24CEDC3600B997EC /* registerStoreCell.swift in Sources */ = {isa = PBXBuildFile; fileRef = D2BEFF7D24CEDC3600B997EC /* registerStoreCell.swift */; };
		D2BEFF8024CEDC3600B997EC /* registerStoreCell.xib in Resources */ = {isa = PBXBuildFile; fileRef = D2BEFF7E24CEDC3600B997EC /* registerStoreCell.xib */; };
		D2C2D50E24CFF9D0007A4526 /* registerStoreImageCell.swift in Sources */ = {isa = PBXBuildFile; fileRef = D2C2D50C24CFF9D0007A4526 /* registerStoreImageCell.swift */; };
		D2C2D50F24CFF9D0007A4526 /* registerStoreImageCell.xib in Resources */ = {isa = PBXBuildFile; fileRef = D2C2D50D24CFF9D0007A4526 /* registerStoreImageCell.xib */; };
		D2C2D51124D006B7007A4526 /* Store.swift in Sources */ = {isa = PBXBuildFile; fileRef = D2C2D51024D006B7007A4526 /* Store.swift */; };
		D2C2D51324D00F64007A4526 /* StoreServices.swift in Sources */ = {isa = PBXBuildFile; fileRef = D2C2D51224D00F64007A4526 /* StoreServices.swift */; };
		D2C2D51524D01436007A4526 /* GeoHash.swift in Sources */ = {isa = PBXBuildFile; fileRef = D2C2D51424D01436007A4526 /* GeoHash.swift */; };
		D2C2D51724D0228B007A4526 /* ProductVC.swift in Sources */ = {isa = PBXBuildFile; fileRef = D2C2D51624D0228B007A4526 /* ProductVC.swift */; };
		D2C2D51924D02711007A4526 /* StoreVC.swift in Sources */ = {isa = PBXBuildFile; fileRef = D2C2D51824D02711007A4526 /* StoreVC.swift */; };
		D2C7532325073A9900D5C8E9 /* SlidingButton.swift in Sources */ = {isa = PBXBuildFile; fileRef = D2C7532225073A9900D5C8E9 /* SlidingButton.swift */; };
		D2D8987B25038D0200309541 /* legendCell.swift in Sources */ = {isa = PBXBuildFile; fileRef = D2D8987925038D0200309541 /* legendCell.swift */; };
		D2D8987C25038D0200309541 /* legendCell.xib in Resources */ = {isa = PBXBuildFile; fileRef = D2D8987A25038D0200309541 /* legendCell.xib */; };
		E88ED2FE4D7A63BD04A7FB20 /* Pods_ThePasarMerchant.framework in Frameworks */ = {isa = PBXBuildFile; fileRef = 39D97116B60FA1860105D5D6 /* Pods_ThePasarMerchant.framework */; };
/* End PBXBuildFile section */

/* Begin PBXFileReference section */
		39D97116B60FA1860105D5D6 /* Pods_ThePasarMerchant.framework */ = {isa = PBXFileReference; explicitFileType = wrapper.framework; includeInIndex = 0; path = Pods_ThePasarMerchant.framework; sourceTree = BUILT_PRODUCTS_DIR; };
		6CF3C16D218615D2865020E6 /* Pods-ThePasarMerchant.debug.xcconfig */ = {isa = PBXFileReference; includeInIndex = 1; lastKnownFileType = text.xcconfig; name = "Pods-ThePasarMerchant.debug.xcconfig"; path = "Target Support Files/Pods-ThePasarMerchant/Pods-ThePasarMerchant.debug.xcconfig"; sourceTree = "<group>"; };
		A1B8055D2AE2A69794F8A65C /* Pods-ThePasarMerchant.release.xcconfig */ = {isa = PBXFileReference; includeInIndex = 1; lastKnownFileType = text.xcconfig; name = "Pods-ThePasarMerchant.release.xcconfig"; path = "Target Support Files/Pods-ThePasarMerchant/Pods-ThePasarMerchant.release.xcconfig"; sourceTree = "<group>"; };
		D24C649524EF921B00C5A31B /* ConfirmedOrdersVC.swift */ = {isa = PBXFileReference; lastKnownFileType = sourcecode.swift; path = ConfirmedOrdersVC.swift; sourceTree = "<group>"; };
		D24C649724EF9B3E00C5A31B /* receiptHeader.swift */ = {isa = PBXFileReference; lastKnownFileType = sourcecode.swift; path = receiptHeader.swift; sourceTree = "<group>"; };
		D24C649824EF9B3E00C5A31B /* receiptHeader.xib */ = {isa = PBXFileReference; lastKnownFileType = file.xib; path = receiptHeader.xib; sourceTree = "<group>"; };
		D24D4CEC255C1D6500C6D219 /* ProfileVC.swift */ = {isa = PBXFileReference; lastKnownFileType = sourcecode.swift; path = ProfileVC.swift; sourceTree = "<group>"; };
		D24DF46D24F6126C0047BA32 /* SalesVC.swift */ = {isa = PBXFileReference; lastKnownFileType = sourcecode.swift; path = SalesVC.swift; sourceTree = "<group>"; };
		D24DF46F24F618530047BA32 /* monthlySalesCell.swift */ = {isa = PBXFileReference; lastKnownFileType = sourcecode.swift; path = monthlySalesCell.swift; sourceTree = "<group>"; };
		D24DF47024F618530047BA32 /* monthlySalesCell.xib */ = {isa = PBXFileReference; lastKnownFileType = file.xib; path = monthlySalesCell.xib; sourceTree = "<group>"; };
		D24DF47324F628160047BA32 /* SalesServices.swift */ = {isa = PBXFileReference; lastKnownFileType = sourcecode.swift; path = SalesServices.swift; sourceTree = "<group>"; };
		D25283B024DA8D0400325978 /* OrdersVC.swift */ = {isa = PBXFileReference; lastKnownFileType = sourcecode.swift; path = OrdersVC.swift; sourceTree = "<group>"; };
		D25283B224DA9E6300325978 /* orderHeader.swift */ = {isa = PBXFileReference; lastKnownFileType = sourcecode.swift; path = orderHeader.swift; sourceTree = "<group>"; };
		D25283B324DA9E6300325978 /* orderHeader.xib */ = {isa = PBXFileReference; lastKnownFileType = file.xib; path = orderHeader.xib; sourceTree = "<group>"; };
		D25283B624DAA73900325978 /* orderCell.swift */ = {isa = PBXFileReference; lastKnownFileType = sourcecode.swift; path = orderCell.swift; sourceTree = "<group>"; };
		D25283B724DAA73900325978 /* orderCell.xib */ = {isa = PBXFileReference; lastKnownFileType = file.xib; path = orderCell.xib; sourceTree = "<group>"; };
		D252E54F24DBBF90000C6A22 /* OrderServices.swift */ = {isa = PBXFileReference; lastKnownFileType = sourcecode.swift; path = OrderServices.swift; sourceTree = "<group>"; };
		D2535A702510B91200554D58 /* RestockVC.swift */ = {isa = PBXFileReference; lastKnownFileType = sourcecode.swift; path = RestockVC.swift; sourceTree = "<group>"; };
		D2535A722510B9B300554D58 /* stockCell.swift */ = {isa = PBXFileReference; lastKnownFileType = sourcecode.swift; path = stockCell.swift; sourceTree = "<group>"; };
		D2535A732510B9B300554D58 /* stockCell.xib */ = {isa = PBXFileReference; lastKnownFileType = file.xib; path = stockCell.xib; sourceTree = "<group>"; };
		D253A15624CC0E4A00D75E26 /* ThePasarMerchant.app */ = {isa = PBXFileReference; explicitFileType = wrapper.application; includeInIndex = 0; path = ThePasarMerchant.app; sourceTree = BUILT_PRODUCTS_DIR; };
		D253A15924CC0E4A00D75E26 /* AppDelegate.swift */ = {isa = PBXFileReference; lastKnownFileType = sourcecode.swift; path = AppDelegate.swift; sourceTree = "<group>"; };
		D253A15D24CC0E4A00D75E26 /* ViewController.swift */ = {isa = PBXFileReference; lastKnownFileType = sourcecode.swift; path = ViewController.swift; sourceTree = "<group>"; };
		D253A16024CC0E4A00D75E26 /* Base */ = {isa = PBXFileReference; lastKnownFileType = file.storyboard; name = Base; path = Base.lproj/Main.storyboard; sourceTree = "<group>"; };
		D253A16224CC0E4D00D75E26 /* Assets.xcassets */ = {isa = PBXFileReference; lastKnownFileType = folder.assetcatalog; path = Assets.xcassets; sourceTree = "<group>"; };
		D253A16524CC0E4D00D75E26 /* Base */ = {isa = PBXFileReference; lastKnownFileType = file.storyboard; name = Base; path = Base.lproj/LaunchScreen.storyboard; sourceTree = "<group>"; };
		D253A16724CC0E4D00D75E26 /* Info.plist */ = {isa = PBXFileReference; lastKnownFileType = text.plist.xml; path = Info.plist; sourceTree = "<group>"; };
		D253A16D24CC10B800D75E26 /* GoogleService-Info.plist */ = {isa = PBXFileReference; fileEncoding = 4; lastKnownFileType = text.plist.xml; path = "GoogleService-Info.plist"; sourceTree = "<group>"; };
		D253A17624CC187900D75E26 /* User.swift */ = {isa = PBXFileReference; fileEncoding = 4; lastKnownFileType = sourcecode.swift; path = User.swift; sourceTree = "<group>"; };
		D253A17824CC189700D75E26 /* SignupProfileImageVC.swift */ = {isa = PBXFileReference; fileEncoding = 4; lastKnownFileType = sourcecode.swift; path = SignupProfileImageVC.swift; sourceTree = "<group>"; };
		D253A17924CC189800D75E26 /* SignUpVC.swift */ = {isa = PBXFileReference; fileEncoding = 4; lastKnownFileType = sourcecode.swift; path = SignUpVC.swift; sourceTree = "<group>"; };
		D253A17A24CC189800D75E26 /* LoginVC.swift */ = {isa = PBXFileReference; fileEncoding = 4; lastKnownFileType = sourcecode.swift; path = LoginVC.swift; sourceTree = "<group>"; };
		D253A17B24CC189900D75E26 /* MainTabVC.swift */ = {isa = PBXFileReference; fileEncoding = 4; lastKnownFileType = sourcecode.swift; path = MainTabVC.swift; sourceTree = "<group>"; };
		D253A18024CC18BA00D75E26 /* AuthServices.swift */ = {isa = PBXFileReference; fileEncoding = 4; lastKnownFileType = sourcecode.swift; path = AuthServices.swift; sourceTree = "<group>"; };
		D253A18224CC1A5500D75E26 /* ImageCache.swift */ = {isa = PBXFileReference; fileEncoding = 4; lastKnownFileType = sourcecode.swift; path = ImageCache.swift; sourceTree = "<group>"; };
		D253A18324CC1A5500D75E26 /* RoundButton.swift */ = {isa = PBXFileReference; fileEncoding = 4; lastKnownFileType = sourcecode.swift; path = RoundButton.swift; sourceTree = "<group>"; };
		D253A18424CC1A5600D75E26 /* RoundImage.swift */ = {isa = PBXFileReference; fileEncoding = 4; lastKnownFileType = sourcecode.swift; path = RoundImage.swift; sourceTree = "<group>"; };
		D254C02724D12B2400E7C69E /* productCell.swift */ = {isa = PBXFileReference; lastKnownFileType = sourcecode.swift; path = productCell.swift; sourceTree = "<group>"; };
		D254C02824D12B2400E7C69E /* productCell.xib */ = {isa = PBXFileReference; lastKnownFileType = file.xib; path = productCell.xib; sourceTree = "<group>"; };
		D25548C224F76980007793AE /* Sales.swift */ = {isa = PBXFileReference; lastKnownFileType = sourcecode.swift; path = Sales.swift; sourceTree = "<group>"; };
		D25A3C4A24D057CB00E91AC5 /* addProductPopup.swift */ = {isa = PBXFileReference; lastKnownFileType = sourcecode.swift; path = addProductPopup.swift; sourceTree = "<group>"; };
		D25A3C4B24D057CB00E91AC5 /* addProductPopup.xib */ = {isa = PBXFileReference; lastKnownFileType = file.xib; path = addProductPopup.xib; sourceTree = "<group>"; };
		D25A3C4E24D05ED700E91AC5 /* Product.swift */ = {isa = PBXFileReference; lastKnownFileType = sourcecode.swift; path = Product.swift; sourceTree = "<group>"; };
		D25DE00824ED004400E2BB56 /* rejectedCommentPopup.xib */ = {isa = PBXFileReference; fileEncoding = 4; lastKnownFileType = file.xib; path = rejectedCommentPopup.xib; sourceTree = "<group>"; };
		D25DE00924ED004400E2BB56 /* rejectedCommentPopup.swift */ = {isa = PBXFileReference; fileEncoding = 4; lastKnownFileType = sourcecode.swift; path = rejectedCommentPopup.swift; sourceTree = "<group>"; };
		D2AC0AEF24FF8DD100C649C6 /* PieChart.swift */ = {isa = PBXFileReference; lastKnownFileType = sourcecode.swift; path = PieChart.swift; sourceTree = "<group>"; };
		D2BEFF7824CEBE5000B997EC /* Constant.swift */ = {isa = PBXFileReference; fileEncoding = 4; lastKnownFileType = sourcecode.swift; path = Constant.swift; sourceTree = "<group>"; };
		D2BEFF7B24CEC8D900B997EC /* RegisterStoreVC.swift */ = {isa = PBXFileReference; lastKnownFileType = sourcecode.swift; path = RegisterStoreVC.swift; sourceTree = "<group>"; };
		D2BEFF7D24CEDC3600B997EC /* registerStoreCell.swift */ = {isa = PBXFileReference; lastKnownFileType = sourcecode.swift; path = registerStoreCell.swift; sourceTree = "<group>"; };
		D2BEFF7E24CEDC3600B997EC /* registerStoreCell.xib */ = {isa = PBXFileReference; lastKnownFileType = file.xib; path = registerStoreCell.xib; sourceTree = "<group>"; };
		D2C2D50C24CFF9D0007A4526 /* registerStoreImageCell.swift */ = {isa = PBXFileReference; lastKnownFileType = sourcecode.swift; path = registerStoreImageCell.swift; sourceTree = "<group>"; };
		D2C2D50D24CFF9D0007A4526 /* registerStoreImageCell.xib */ = {isa = PBXFileReference; lastKnownFileType = file.xib; path = registerStoreImageCell.xib; sourceTree = "<group>"; };
		D2C2D51024D006B7007A4526 /* Store.swift */ = {isa = PBXFileReference; lastKnownFileType = sourcecode.swift; path = Store.swift; sourceTree = "<group>"; };
		D2C2D51224D00F64007A4526 /* StoreServices.swift */ = {isa = PBXFileReference; lastKnownFileType = sourcecode.swift; path = StoreServices.swift; sourceTree = "<group>"; };
		D2C2D51424D01436007A4526 /* GeoHash.swift */ = {isa = PBXFileReference; fileEncoding = 4; lastKnownFileType = sourcecode.swift; path = GeoHash.swift; sourceTree = "<group>"; };
		D2C2D51624D0228B007A4526 /* ProductVC.swift */ = {isa = PBXFileReference; lastKnownFileType = sourcecode.swift; path = ProductVC.swift; sourceTree = "<group>"; };
		D2C2D51824D02711007A4526 /* StoreVC.swift */ = {isa = PBXFileReference; lastKnownFileType = sourcecode.swift; path = StoreVC.swift; sourceTree = "<group>"; };
		D2C7532225073A9900D5C8E9 /* SlidingButton.swift */ = {isa = PBXFileReference; lastKnownFileType = sourcecode.swift; path = SlidingButton.swift; sourceTree = "<group>"; };
		D2D8987925038D0200309541 /* legendCell.swift */ = {isa = PBXFileReference; lastKnownFileType = sourcecode.swift; path = legendCell.swift; sourceTree = "<group>"; };
		D2D8987A25038D0200309541 /* legendCell.xib */ = {isa = PBXFileReference; lastKnownFileType = file.xib; path = legendCell.xib; sourceTree = "<group>"; };
/* End PBXFileReference section */

/* Begin PBXFrameworksBuildPhase section */
		D253A15324CC0E4A00D75E26 /* Frameworks */ = {
			isa = PBXFrameworksBuildPhase;
			buildActionMask = 2147483647;
			files = (
				E88ED2FE4D7A63BD04A7FB20 /* Pods_ThePasarMerchant.framework in Frameworks */,
			);
			runOnlyForDeploymentPostprocessing = 0;
		};
/* End PBXFrameworksBuildPhase section */

/* Begin PBXGroup section */
		23CB71BCB2FEC3B298D271AB /* Pods */ = {
			isa = PBXGroup;
			children = (
				6CF3C16D218615D2865020E6 /* Pods-ThePasarMerchant.debug.xcconfig */,
				A1B8055D2AE2A69794F8A65C /* Pods-ThePasarMerchant.release.xcconfig */,
			);
			path = Pods;
			sourceTree = "<group>";
		};
		A155F7F9AD2FB2CD88FA01A5 /* Frameworks */ = {
			isa = PBXGroup;
			children = (
				39D97116B60FA1860105D5D6 /* Pods_ThePasarMerchant.framework */,
			);
			name = Frameworks;
			sourceTree = "<group>";
		};
		D253A14D24CC0E4A00D75E26 = {
			isa = PBXGroup;
			children = (
				D253A15824CC0E4A00D75E26 /* ThePasarMerchant */,
				D253A15724CC0E4A00D75E26 /* Products */,
				23CB71BCB2FEC3B298D271AB /* Pods */,
				A155F7F9AD2FB2CD88FA01A5 /* Frameworks */,
			);
			sourceTree = "<group>";
		};
		D253A15724CC0E4A00D75E26 /* Products */ = {
			isa = PBXGroup;
			children = (
				D253A15624CC0E4A00D75E26 /* ThePasarMerchant.app */,
			);
			name = Products;
			sourceTree = "<group>";
		};
		D253A15824CC0E4A00D75E26 /* ThePasarMerchant */ = {
			isa = PBXGroup;
			children = (
				D253A17524CC185D00D75E26 /* Model */,
				D253A17424CC185500D75E26 /* View */,
				D253A17324CC184E00D75E26 /* Controller */,
				D253A17224CC184000D75E26 /* Services */,
				D253A17124CC183500D75E26 /* Utilities */,
				D253A17024CC182C00D75E26 /* Extension */,
				D253A16F24CC182100D75E26 /* Constants */,
				D253A15924CC0E4A00D75E26 /* AppDelegate.swift */,
				D253A15D24CC0E4A00D75E26 /* ViewController.swift */,
				D253A15F24CC0E4A00D75E26 /* Main.storyboard */,
				D253A16224CC0E4D00D75E26 /* Assets.xcassets */,
				D253A16424CC0E4D00D75E26 /* LaunchScreen.storyboard */,
				D253A16D24CC10B800D75E26 /* GoogleService-Info.plist */,
				D253A16724CC0E4D00D75E26 /* Info.plist */,
			);
			path = ThePasarMerchant;
			sourceTree = "<group>";
		};
		D253A16F24CC182100D75E26 /* Constants */ = {
			isa = PBXGroup;
			children = (
			);
			path = Constants;
			sourceTree = "<group>";
		};
		D253A17024CC182C00D75E26 /* Extension */ = {
			isa = PBXGroup;
			children = (
				D2C2D51424D01436007A4526 /* GeoHash.swift */,
				D253A18224CC1A5500D75E26 /* ImageCache.swift */,
				D253A18324CC1A5500D75E26 /* RoundButton.swift */,
				D253A18424CC1A5600D75E26 /* RoundImage.swift */,
				D2AC0AEF24FF8DD100C649C6 /* PieChart.swift */,
				D2C7532225073A9900D5C8E9 /* SlidingButton.swift */,
			);
			path = Extension;
			sourceTree = "<group>";
		};
		D253A17124CC183500D75E26 /* Utilities */ = {
			isa = PBXGroup;
			children = (
				D2BEFF7824CEBE5000B997EC /* Constant.swift */,
			);
			path = Utilities;
			sourceTree = "<group>";
		};
		D253A17224CC184000D75E26 /* Services */ = {
			isa = PBXGroup;
			children = (
				D253A18024CC18BA00D75E26 /* AuthServices.swift */,
				D2C2D51224D00F64007A4526 /* StoreServices.swift */,
				D252E54F24DBBF90000C6A22 /* OrderServices.swift */,
				D24DF47324F628160047BA32 /* SalesServices.swift */,
			);
			path = Services;
			sourceTree = "<group>";
		};
		D253A17324CC184E00D75E26 /* Controller */ = {
			isa = PBXGroup;
			children = (
				D2BEFF7A24CEC29000B997EC /* AccountVCs */,
				D253A17B24CC189900D75E26 /* MainTabVC.swift */,
				D2BEFF7B24CEC8D900B997EC /* RegisterStoreVC.swift */,
				D2C2D51624D0228B007A4526 /* ProductVC.swift */,
				D2C2D51824D02711007A4526 /* StoreVC.swift */,
				D25283B024DA8D0400325978 /* OrdersVC.swift */,
				D24C649524EF921B00C5A31B /* ConfirmedOrdersVC.swift */,
				D24DF46D24F6126C0047BA32 /* SalesVC.swift */,
				D2535A702510B91200554D58 /* RestockVC.swift */,
				D24D4CEC255C1D6500C6D219 /* ProfileVC.swift */,
			);
			path = Controller;
			sourceTree = "<group>";
		};
		D253A17424CC185500D75E26 /* View */ = {
			isa = PBXGroup;
			children = (
				D25DE00924ED004400E2BB56 /* rejectedCommentPopup.swift */,
				D25DE00824ED004400E2BB56 /* rejectedCommentPopup.xib */,
				D2BEFF7D24CEDC3600B997EC /* registerStoreCell.swift */,
				D2BEFF7E24CEDC3600B997EC /* registerStoreCell.xib */,
				D2C2D50C24CFF9D0007A4526 /* registerStoreImageCell.swift */,
				D2C2D50D24CFF9D0007A4526 /* registerStoreImageCell.xib */,
				D25A3C4A24D057CB00E91AC5 /* addProductPopup.swift */,
				D25A3C4B24D057CB00E91AC5 /* addProductPopup.xib */,
				D254C02724D12B2400E7C69E /* productCell.swift */,
				D254C02824D12B2400E7C69E /* productCell.xib */,
				D25283B224DA9E6300325978 /* orderHeader.swift */,
				D25283B324DA9E6300325978 /* orderHeader.xib */,
				D25283B624DAA73900325978 /* orderCell.swift */,
				D25283B724DAA73900325978 /* orderCell.xib */,
				D24C649724EF9B3E00C5A31B /* receiptHeader.swift */,
				D24C649824EF9B3E00C5A31B /* receiptHeader.xib */,
				D24DF46F24F618530047BA32 /* monthlySalesCell.swift */,
				D24DF47024F618530047BA32 /* monthlySalesCell.xib */,
				D2D8987925038D0200309541 /* legendCell.swift */,
				D2D8987A25038D0200309541 /* legendCell.xib */,
				D2535A722510B9B300554D58 /* stockCell.swift */,
				D2535A732510B9B300554D58 /* stockCell.xib */,
			);
			path = View;
			sourceTree = "<group>";
		};
		D253A17524CC185D00D75E26 /* Model */ = {
			isa = PBXGroup;
			children = (
				D253A17624CC187900D75E26 /* User.swift */,
				D2C2D51024D006B7007A4526 /* Store.swift */,
				D25A3C4E24D05ED700E91AC5 /* Product.swift */,
				D25548C224F76980007793AE /* Sales.swift */,
			);
			path = Model;
			sourceTree = "<group>";
		};
		D2BEFF7A24CEC29000B997EC /* AccountVCs */ = {
			isa = PBXGroup;
			children = (
				D253A17A24CC189800D75E26 /* LoginVC.swift */,
				D253A17824CC189700D75E26 /* SignupProfileImageVC.swift */,
				D253A17924CC189800D75E26 /* SignUpVC.swift */,
			);
			path = AccountVCs;
			sourceTree = "<group>";
		};
/* End PBXGroup section */

/* Begin PBXNativeTarget section */
		D253A15524CC0E4A00D75E26 /* ThePasarMerchant */ = {
			isa = PBXNativeTarget;
			buildConfigurationList = D253A16A24CC0E4D00D75E26 /* Build configuration list for PBXNativeTarget "ThePasarMerchant" */;
			buildPhases = (
				916114B580CD5323C540554A /* [CP] Check Pods Manifest.lock */,
				D253A15224CC0E4A00D75E26 /* Sources */,
				D253A15324CC0E4A00D75E26 /* Frameworks */,
				D253A15424CC0E4A00D75E26 /* Resources */,
				242742E6C7627145B420A4E7 /* [CP] Embed Pods Frameworks */,
				437748479F941E2A8F176FC6 /* [CP] Copy Pods Resources */,
			);
			buildRules = (
			);
			dependencies = (
			);
			name = ThePasarMerchant;
			productName = ThePasarMerchant;
			productReference = D253A15624CC0E4A00D75E26 /* ThePasarMerchant.app */;
			productType = "com.apple.product-type.application";
		};
/* End PBXNativeTarget section */

/* Begin PBXProject section */
		D253A14E24CC0E4A00D75E26 /* Project object */ = {
			isa = PBXProject;
			attributes = {
				LastSwiftUpdateCheck = 1160;
				LastUpgradeCheck = 1160;
				ORGANIZATIONNAME = "Satyia Anand";
				TargetAttributes = {
					D253A15524CC0E4A00D75E26 = {
						CreatedOnToolsVersion = 11.6;
					};
				};
			};
			buildConfigurationList = D253A15124CC0E4A00D75E26 /* Build configuration list for PBXProject "ThePasarMerchant" */;
			compatibilityVersion = "Xcode 9.3";
			developmentRegion = en;
			hasScannedForEncodings = 0;
			knownRegions = (
				en,
				Base,
			);
			mainGroup = D253A14D24CC0E4A00D75E26;
			productRefGroup = D253A15724CC0E4A00D75E26 /* Products */;
			projectDirPath = "";
			projectRoot = "";
			targets = (
				D253A15524CC0E4A00D75E26 /* ThePasarMerchant */,
			);
		};
/* End PBXProject section */

/* Begin PBXResourcesBuildPhase section */
		D253A15424CC0E4A00D75E26 /* Resources */ = {
			isa = PBXResourcesBuildPhase;
			buildActionMask = 2147483647;
			files = (
				D2C2D50F24CFF9D0007A4526 /* registerStoreImageCell.xib in Resources */,
				D24DF47224F618530047BA32 /* monthlySalesCell.xib in Resources */,
				D2D8987C25038D0200309541 /* legendCell.xib in Resources */,
				D25283B524DA9E6300325978 /* orderHeader.xib in Resources */,
				D25DE00A24ED004500E2BB56 /* rejectedCommentPopup.xib in Resources */,
				D254C02A24D12B2400E7C69E /* productCell.xib in Resources */,
				D253A16624CC0E4D00D75E26 /* LaunchScreen.storyboard in Resources */,
				D2BEFF8024CEDC3600B997EC /* registerStoreCell.xib in Resources */,
				D2535A752510B9B300554D58 /* stockCell.xib in Resources */,
				D25A3C4D24D057CB00E91AC5 /* addProductPopup.xib in Resources */,
				D25283B924DAA73900325978 /* orderCell.xib in Resources */,
				D253A16E24CC10B800D75E26 /* GoogleService-Info.plist in Resources */,
				D253A16324CC0E4D00D75E26 /* Assets.xcassets in Resources */,
				D253A16124CC0E4A00D75E26 /* Main.storyboard in Resources */,
				D24C649A24EF9B3E00C5A31B /* receiptHeader.xib in Resources */,
			);
			runOnlyForDeploymentPostprocessing = 0;
		};
/* End PBXResourcesBuildPhase section */

/* Begin PBXShellScriptBuildPhase section */
		242742E6C7627145B420A4E7 /* [CP] Embed Pods Frameworks */ = {
			isa = PBXShellScriptBuildPhase;
			buildActionMask = 2147483647;
			files = (
			);
			inputFileListPaths = (
				"${PODS_ROOT}/Target Support Files/Pods-ThePasarMerchant/Pods-ThePasarMerchant-frameworks-${CONFIGURATION}-input-files.xcfilelist",
			);
			name = "[CP] Embed Pods Frameworks";
			outputFileListPaths = (
				"${PODS_ROOT}/Target Support Files/Pods-ThePasarMerchant/Pods-ThePasarMerchant-frameworks-${CONFIGURATION}-output-files.xcfilelist",
			);
			runOnlyForDeploymentPostprocessing = 0;
			shellPath = /bin/sh;
			shellScript = "\"${PODS_ROOT}/Target Support Files/Pods-ThePasarMerchant/Pods-ThePasarMerchant-frameworks.sh\"\n";
			showEnvVarsInLog = 0;
		};
		437748479F941E2A8F176FC6 /* [CP] Copy Pods Resources */ = {
			isa = PBXShellScriptBuildPhase;
			buildActionMask = 2147483647;
			files = (
			);
			inputFileListPaths = (
				"${PODS_ROOT}/Target Support Files/Pods-ThePasarMerchant/Pods-ThePasarMerchant-resources-${CONFIGURATION}-input-files.xcfilelist",
			);
			name = "[CP] Copy Pods Resources";
			outputFileListPaths = (
				"${PODS_ROOT}/Target Support Files/Pods-ThePasarMerchant/Pods-ThePasarMerchant-resources-${CONFIGURATION}-output-files.xcfilelist",
			);
			runOnlyForDeploymentPostprocessing = 0;
			shellPath = /bin/sh;
			shellScript = "\"${PODS_ROOT}/Target Support Files/Pods-ThePasarMerchant/Pods-ThePasarMerchant-resources.sh\"\n";
			showEnvVarsInLog = 0;
		};
		916114B580CD5323C540554A /* [CP] Check Pods Manifest.lock */ = {
			isa = PBXShellScriptBuildPhase;
			buildActionMask = 2147483647;
			files = (
			);
			inputFileListPaths = (
			);
			inputPaths = (
				"${PODS_PODFILE_DIR_PATH}/Podfile.lock",
				"${PODS_ROOT}/Manifest.lock",
			);
			name = "[CP] Check Pods Manifest.lock";
			outputFileListPaths = (
			);
			outputPaths = (
				"$(DERIVED_FILE_DIR)/Pods-ThePasarMerchant-checkManifestLockResult.txt",
			);
			runOnlyForDeploymentPostprocessing = 0;
			shellPath = /bin/sh;
			shellScript = "diff \"${PODS_PODFILE_DIR_PATH}/Podfile.lock\" \"${PODS_ROOT}/Manifest.lock\" > /dev/null\nif [ $? != 0 ] ; then\n    # print error to STDERR\n    echo \"error: The sandbox is not in sync with the Podfile.lock. Run 'pod install' or update your CocoaPods installation.\" >&2\n    exit 1\nfi\n# This output is used by Xcode 'outputs' to avoid re-running this script phase.\necho \"SUCCESS\" > \"${SCRIPT_OUTPUT_FILE_0}\"\n";
			showEnvVarsInLog = 0;
		};
/* End PBXShellScriptBuildPhase section */

/* Begin PBXSourcesBuildPhase section */
		D253A15224CC0E4A00D75E26 /* Sources */ = {
			isa = PBXSourcesBuildPhase;
			buildActionMask = 2147483647;
			files = (
				D253A18524CC1A5600D75E26 /* ImageCache.swift in Sources */,
				D24DF46E24F6126C0047BA32 /* SalesVC.swift in Sources */,
				D24C649924EF9B3E00C5A31B /* receiptHeader.swift in Sources */,
				D25283B124DA8D0400325978 /* OrdersVC.swift in Sources */,
				D24DF47424F628160047BA32 /* SalesServices.swift in Sources */,
				D253A17724CC187900D75E26 /* User.swift in Sources */,
				D2D8987B25038D0200309541 /* legendCell.swift in Sources */,
				D25A3C4C24D057CB00E91AC5 /* addProductPopup.swift in Sources */,
				D2C2D50E24CFF9D0007A4526 /* registerStoreImageCell.swift in Sources */,
				D2C2D51124D006B7007A4526 /* Store.swift in Sources */,
				D24C649624EF921B00C5A31B /* ConfirmedOrdersVC.swift in Sources */,
				D25A3C4F24D05ED700E91AC5 /* Product.swift in Sources */,
				D252E55024DBBF90000C6A22 /* OrderServices.swift in Sources */,
				D253A17C24CC189900D75E26 /* SignupProfileImageVC.swift in Sources */,
				D254C02924D12B2400E7C69E /* productCell.swift in Sources */,
				D25DE00B24ED004500E2BB56 /* rejectedCommentPopup.swift in Sources */,
				D253A17E24CC189900D75E26 /* LoginVC.swift in Sources */,
				D2C2D51724D0228B007A4526 /* ProductVC.swift in Sources */,
				D253A18624CC1A5600D75E26 /* RoundButton.swift in Sources */,
				D2BEFF7C24CEC8D900B997EC /* RegisterStoreVC.swift in Sources */,
				D24D4CED255C1D6500C6D219 /* ProfileVC.swift in Sources */,
				D2535A712510B91200554D58 /* RestockVC.swift in Sources */,
				D253A15E24CC0E4A00D75E26 /* ViewController.swift in Sources */,
				D2C2D51524D01436007A4526 /* GeoHash.swift in Sources */,
				D24DF47124F618530047BA32 /* monthlySalesCell.swift in Sources */,
				D253A15A24CC0E4A00D75E26 /* AppDelegate.swift in Sources */,
				D253A17D24CC189900D75E26 /* SignUpVC.swift in Sources */,
				D2AC0AF024FF8DD100C649C6 /* PieChart.swift in Sources */,
				D253A18124CC18BA00D75E26 /* AuthServices.swift in Sources */,
				D25283B824DAA73900325978 /* orderCell.swift in Sources */,
				D2C7532325073A9900D5C8E9 /* SlidingButton.swift in Sources */,
				D2C2D51924D02711007A4526 /* StoreVC.swift in Sources */,
				D2BEFF7F24CEDC3600B997EC /* registerStoreCell.swift in Sources */,
				D2535A742510B9B300554D58 /* stockCell.swift in Sources */,
				D253A18724CC1A5600D75E26 /* RoundImage.swift in Sources */,
				D25283B424DA9E6300325978 /* orderHeader.swift in Sources */,
				D253A17F24CC189900D75E26 /* MainTabVC.swift in Sources */,
				D2C2D51324D00F64007A4526 /* StoreServices.swift in Sources */,
				D25548C324F76980007793AE /* Sales.swift in Sources */,
				D2BEFF7924CEBE5000B997EC /* Constant.swift in Sources */,
			);
			runOnlyForDeploymentPostprocessing = 0;
		};
/* End PBXSourcesBuildPhase section */

/* Begin PBXVariantGroup section */
		D253A15F24CC0E4A00D75E26 /* Main.storyboard */ = {
			isa = PBXVariantGroup;
			children = (
				D253A16024CC0E4A00D75E26 /* Base */,
			);
			name = Main.storyboard;
			sourceTree = "<group>";
		};
		D253A16424CC0E4D00D75E26 /* LaunchScreen.storyboard */ = {
			isa = PBXVariantGroup;
			children = (
				D253A16524CC0E4D00D75E26 /* Base */,
			);
			name = LaunchScreen.storyboard;
			sourceTree = "<group>";
		};
/* End PBXVariantGroup section */

/* Begin XCBuildConfiguration section */
		D253A16824CC0E4D00D75E26 /* Debug */ = {
			isa = XCBuildConfiguration;
			buildSettings = {
				ALWAYS_SEARCH_USER_PATHS = NO;
				CLANG_ANALYZER_NONNULL = YES;
				CLANG_ANALYZER_NUMBER_OBJECT_CONVERSION = YES_AGGRESSIVE;
				CLANG_CXX_LANGUAGE_STANDARD = "gnu++14";
				CLANG_CXX_LIBRARY = "libc++";
				CLANG_ENABLE_MODULES = YES;
				CLANG_ENABLE_OBJC_ARC = YES;
				CLANG_ENABLE_OBJC_WEAK = YES;
				CLANG_WARN_BLOCK_CAPTURE_AUTORELEASING = YES;
				CLANG_WARN_BOOL_CONVERSION = YES;
				CLANG_WARN_COMMA = YES;
				CLANG_WARN_CONSTANT_CONVERSION = YES;
				CLANG_WARN_DEPRECATED_OBJC_IMPLEMENTATIONS = YES;
				CLANG_WARN_DIRECT_OBJC_ISA_USAGE = YES_ERROR;
				CLANG_WARN_DOCUMENTATION_COMMENTS = YES;
				CLANG_WARN_EMPTY_BODY = YES;
				CLANG_WARN_ENUM_CONVERSION = YES;
				CLANG_WARN_INFINITE_RECURSION = YES;
				CLANG_WARN_INT_CONVERSION = YES;
				CLANG_WARN_NON_LITERAL_NULL_CONVERSION = YES;
				CLANG_WARN_OBJC_IMPLICIT_RETAIN_SELF = YES;
				CLANG_WARN_OBJC_LITERAL_CONVERSION = YES;
				CLANG_WARN_OBJC_ROOT_CLASS = YES_ERROR;
				CLANG_WARN_RANGE_LOOP_ANALYSIS = YES;
				CLANG_WARN_STRICT_PROTOTYPES = YES;
				CLANG_WARN_SUSPICIOUS_MOVE = YES;
				CLANG_WARN_UNGUARDED_AVAILABILITY = YES_AGGRESSIVE;
				CLANG_WARN_UNREACHABLE_CODE = YES;
				CLANG_WARN__DUPLICATE_METHOD_MATCH = YES;
				COPY_PHASE_STRIP = NO;
				DEBUG_INFORMATION_FORMAT = dwarf;
				ENABLE_STRICT_OBJC_MSGSEND = YES;
				ENABLE_TESTABILITY = YES;
				GCC_C_LANGUAGE_STANDARD = gnu11;
				GCC_DYNAMIC_NO_PIC = NO;
				GCC_NO_COMMON_BLOCKS = YES;
				GCC_OPTIMIZATION_LEVEL = 0;
				GCC_PREPROCESSOR_DEFINITIONS = (
					"DEBUG=1",
					"$(inherited)",
				);
				GCC_WARN_64_TO_32_BIT_CONVERSION = YES;
				GCC_WARN_ABOUT_RETURN_TYPE = YES_ERROR;
				GCC_WARN_UNDECLARED_SELECTOR = YES;
				GCC_WARN_UNINITIALIZED_AUTOS = YES_AGGRESSIVE;
				GCC_WARN_UNUSED_FUNCTION = YES;
				GCC_WARN_UNUSED_VARIABLE = YES;
				IPHONEOS_DEPLOYMENT_TARGET = 13.6;
				MTL_ENABLE_DEBUG_INFO = INCLUDE_SOURCE;
				MTL_FAST_MATH = YES;
				ONLY_ACTIVE_ARCH = YES;
				SDKROOT = iphoneos;
				SWIFT_ACTIVE_COMPILATION_CONDITIONS = DEBUG;
				SWIFT_OPTIMIZATION_LEVEL = "-Onone";
			};
			name = Debug;
		};
		D253A16924CC0E4D00D75E26 /* Release */ = {
			isa = XCBuildConfiguration;
			buildSettings = {
				ALWAYS_SEARCH_USER_PATHS = NO;
				CLANG_ANALYZER_NONNULL = YES;
				CLANG_ANALYZER_NUMBER_OBJECT_CONVERSION = YES_AGGRESSIVE;
				CLANG_CXX_LANGUAGE_STANDARD = "gnu++14";
				CLANG_CXX_LIBRARY = "libc++";
				CLANG_ENABLE_MODULES = YES;
				CLANG_ENABLE_OBJC_ARC = YES;
				CLANG_ENABLE_OBJC_WEAK = YES;
				CLANG_WARN_BLOCK_CAPTURE_AUTORELEASING = YES;
				CLANG_WARN_BOOL_CONVERSION = YES;
				CLANG_WARN_COMMA = YES;
				CLANG_WARN_CONSTANT_CONVERSION = YES;
				CLANG_WARN_DEPRECATED_OBJC_IMPLEMENTATIONS = YES;
				CLANG_WARN_DIRECT_OBJC_ISA_USAGE = YES_ERROR;
				CLANG_WARN_DOCUMENTATION_COMMENTS = YES;
				CLANG_WARN_EMPTY_BODY = YES;
				CLANG_WARN_ENUM_CONVERSION = YES;
				CLANG_WARN_INFINITE_RECURSION = YES;
				CLANG_WARN_INT_CONVERSION = YES;
				CLANG_WARN_NON_LITERAL_NULL_CONVERSION = YES;
				CLANG_WARN_OBJC_IMPLICIT_RETAIN_SELF = YES;
				CLANG_WARN_OBJC_LITERAL_CONVERSION = YES;
				CLANG_WARN_OBJC_ROOT_CLASS = YES_ERROR;
				CLANG_WARN_RANGE_LOOP_ANALYSIS = YES;
				CLANG_WARN_STRICT_PROTOTYPES = YES;
				CLANG_WARN_SUSPICIOUS_MOVE = YES;
				CLANG_WARN_UNGUARDED_AVAILABILITY = YES_AGGRESSIVE;
				CLANG_WARN_UNREACHABLE_CODE = YES;
				CLANG_WARN__DUPLICATE_METHOD_MATCH = YES;
				COPY_PHASE_STRIP = NO;
				DEBUG_INFORMATION_FORMAT = "dwarf-with-dsym";
				ENABLE_NS_ASSERTIONS = NO;
				ENABLE_STRICT_OBJC_MSGSEND = YES;
				GCC_C_LANGUAGE_STANDARD = gnu11;
				GCC_NO_COMMON_BLOCKS = YES;
				GCC_WARN_64_TO_32_BIT_CONVERSION = YES;
				GCC_WARN_ABOUT_RETURN_TYPE = YES_ERROR;
				GCC_WARN_UNDECLARED_SELECTOR = YES;
				GCC_WARN_UNINITIALIZED_AUTOS = YES_AGGRESSIVE;
				GCC_WARN_UNUSED_FUNCTION = YES;
				GCC_WARN_UNUSED_VARIABLE = YES;
				IPHONEOS_DEPLOYMENT_TARGET = 13.6;
				MTL_ENABLE_DEBUG_INFO = NO;
				MTL_FAST_MATH = YES;
				SDKROOT = iphoneos;
				SWIFT_COMPILATION_MODE = wholemodule;
				SWIFT_OPTIMIZATION_LEVEL = "-O";
				VALIDATE_PRODUCT = YES;
			};
			name = Release;
		};
		D253A16B24CC0E4D00D75E26 /* Debug */ = {
			isa = XCBuildConfiguration;
			baseConfigurationReference = 6CF3C16D218615D2865020E6 /* Pods-ThePasarMerchant.debug.xcconfig */;
			buildSettings = {
				ASSETCATALOG_COMPILER_APPICON_NAME = AppIcon;
				CODE_SIGN_STYLE = Automatic;
				DEVELOPMENT_TEAM = 93SA3SA2TF;
				INFOPLIST_FILE = ThePasarMerchant/Info.plist;
				IPHONEOS_DEPLOYMENT_TARGET = 13.5;
				LD_RUNPATH_SEARCH_PATHS = (
					"$(inherited)",
					"@executable_path/Frameworks",
				);
				PRODUCT_BUNDLE_IDENTIFIER = com.Strydhr.ThePasarMerchant;
				PRODUCT_NAME = "$(TARGET_NAME)";
				SWIFT_VERSION = 5.0;
				TARGETED_DEVICE_FAMILY = "1,2";
			};
			name = Debug;
		};
		D253A16C24CC0E4D00D75E26 /* Release */ = {
			isa = XCBuildConfiguration;
			baseConfigurationReference = A1B8055D2AE2A69794F8A65C /* Pods-ThePasarMerchant.release.xcconfig */;
			buildSettings = {
				ASSETCATALOG_COMPILER_APPICON_NAME = AppIcon;
				CODE_SIGN_STYLE = Automatic;
				DEVELOPMENT_TEAM = 93SA3SA2TF;
				INFOPLIST_FILE = ThePasarMerchant/Info.plist;
				IPHONEOS_DEPLOYMENT_TARGET = 13.5;
				LD_RUNPATH_SEARCH_PATHS = (
					"$(inherited)",
					"@executable_path/Frameworks",
				);
				PRODUCT_BUNDLE_IDENTIFIER = com.Strydhr.ThePasarMerchant;
				PRODUCT_NAME = "$(TARGET_NAME)";
				SWIFT_VERSION = 5.0;
				TARGETED_DEVICE_FAMILY = "1,2";
			};
			name = Release;
		};
/* End XCBuildConfiguration section */

/* Begin XCConfigurationList section */
		D253A15124CC0E4A00D75E26 /* Build configuration list for PBXProject "ThePasarMerchant" */ = {
			isa = XCConfigurationList;
			buildConfigurations = (
				D253A16824CC0E4D00D75E26 /* Debug */,
				D253A16924CC0E4D00D75E26 /* Release */,
			);
			defaultConfigurationIsVisible = 0;
			defaultConfigurationName = Release;
		};
		D253A16A24CC0E4D00D75E26 /* Build configuration list for PBXNativeTarget "ThePasarMerchant" */ = {
			isa = XCConfigurationList;
			buildConfigurations = (
				D253A16B24CC0E4D00D75E26 /* Debug */,
				D253A16C24CC0E4D00D75E26 /* Release */,
			);
			defaultConfigurationIsVisible = 0;
			defaultConfigurationName = Release;
		};
/* End XCConfigurationList section */
	};
	rootObject = D253A14E24CC0E4A00D75E26 /* Project object */;
}
